
Microsoft Visual Studio Solution File, Format Version 12.00
# Visual Studio 15
VisualStudioVersion = 15.0.28307.489
MinimumVisualStudioVersion = 10.0.40219.1
Project("{FAE04EC0-301F-11D3-BF4B-00C04F79EFBC}") = "TeamViewerAndAmmyy", "KeePassTeamViewerAmmyy\TeamViewerAndAmmyy.csproj", "{1FF42815-AD0C-4881-9E72-E981A67A7EF5}"
EndProject
Global
	GlobalSection(SolutionConfigurationPlatforms) = preSolution
		Debug|Any CPU = Debug|Any CPU
		Release|Any CPU = Release|Any CPU
	EndGlobalSection
	GlobalSection(ProjectConfigurationPlatforms) = postSolution
		{1FF42815-AD0C-4881-9E72-E981A67A7EF5}.Debug|Any CPU.ActiveCfg = Debug|Any CPU
		{1FF42815-AD0C-4881-9E72-E981A67A7EF5}.Debug|Any CPU.Build.0 = Debug|Any CPU
		{1FF42815-AD0C-4881-9E72-E981A67A7EF5}.Release|Any CPU.ActiveCfg = Release|Any CPU
		{1FF42815-AD0C-4881-9E72-E981A67A7EF5}.Release|Any CPU.Build.0 = Release|Any CPU
	EndGlobalSection
	GlobalSection(SolutionProperties) = preSolution
		HideSolutionNode = FALSE
	EndGlobalSection
	GlobalSection(ExtensibilityGlobals) = postSolution
		SolutionGuid = {2D31DD64-B6B5-4EAD-9E2D-0BEB74A56904}
	EndGlobalSection
EndGlobal
